
Microsoft Visual Studio Solution File, Format Version 12.00
# Visual Studio 15
Project("{FAE04EC0-301F-11D3-BF4B-00C04F79EFBC}") = "Assembly-CSharp", "Assembly-CSharp.csproj", "{621A32D7-2B80-A54B-0BD0-4411499D3D0B}"
EndProject
Global
	GlobalSection(SolutionConfigurationPlatforms) = preSolution
		Debug|Any CPU = Debug|Any CPU
		Release|Any CPU = Release|Any CPU
	EndGlobalSection
	GlobalSection(ProjectConfigurationPlatforms) = postSolution
		{621A32D7-2B80-A54B-0BD0-4411499D3D0B}.Debug|Any CPU.ActiveCfg = Debug|Any CPU
		{621A32D7-2B80-A54B-0BD0-4411499D3D0B}.Debug|Any CPU.Build.0 = Debug|Any CPU
		{621A32D7-2B80-A54B-0BD0-4411499D3D0B}.Release|Any CPU.ActiveCfg = Release|Any CPU
		{621A32D7-2B80-A54B-0BD0-4411499D3D0B}.Release|Any CPU.Build.0 = Release|Any CPU
	EndGlobalSection
	GlobalSection(SolutionProperties) = preSolution
		HideSolutionNode = FALSE
	EndGlobalSection
EndGlobal
